
Microsoft Visual Studio Solution File, Format Version 12.00
# Visual Studio Version 17
VisualStudioVersion = 17.7.34221.43
MinimumVisualStudioVersion = 10.0.40219.1
Project("{888888A0-9F3D-457C-B088-3A5042F75D52}") = "GenericBruteForceCracker", "GenericBruteForceCracker\GenericBruteForceCracker.pyproj", "{00691D87-B141-49BA-A440-9DE7324601FE}"
EndProject
Global
	GlobalSection(SolutionConfigurationPlatforms) = preSolution
		Debug|Any CPU = Debug|Any CPU
		Release|Any CPU = Release|Any CPU
	EndGlobalSection
	GlobalSection(ProjectConfigurationPlatforms) = postSolution
		{00691D87-B141-49BA-A440-9DE7324601FE}.Debug|Any CPU.ActiveCfg = Debug|Any CPU
		{00691D87-B141-49BA-A440-9DE7324601FE}.Release|Any CPU.ActiveCfg = Release|Any CPU
	EndGlobalSection
	GlobalSection(SolutionProperties) = preSolution
		HideSolutionNode = FALSE
	EndGlobalSection
	GlobalSection(ExtensibilityGlobals) = postSolution
		SolutionGuid = {AFB7010D-3B76-40AA-84C6-69F79008A5F7}
	EndGlobalSection
EndGlobal
